
Microsoft Visual Studio Solution File, Format Version 12.00
# Visual Studio Version 17
VisualStudioVersion = 17.5.33530.505
MinimumVisualStudioVersion = 10.0.40219.1
Project("{8BC9CEB8-8B4A-11D0-8D11-00A0C91BC942}") = "CreateMotion", "CreateMotion\CreateMotion.vcxproj", "{91AB7B4C-A654-41DA-9D4A-3AB813675DFA}"
EndProject
Global
	GlobalSection(SolutionConfigurationPlatforms) = preSolution
		Debug|x64 = Debug|x64
		Release|x64 = Release|x64
	EndGlobalSection
	GlobalSection(ProjectConfigurationPlatforms) = postSolution
		{91AB7B4C-A654-41DA-9D4A-3AB813675DFA}.Debug|x64.ActiveCfg = Debug|x64
		{91AB7B4C-A654-41DA-9D4A-3AB813675DFA}.Debug|x64.Build.0 = Debug|x64
		{91AB7B4C-A654-41DA-9D4A-3AB813675DFA}.Release|x64.ActiveCfg = Release|x64
		{91AB7B4C-A654-41DA-9D4A-3AB813675DFA}.Release|x64.Build.0 = Release|x64
	EndGlobalSection
	GlobalSection(SolutionProperties) = preSolution
		HideSolutionNode = FALSE
	EndGlobalSection
	GlobalSection(ExtensibilityGlobals) = postSolution
		SolutionGuid = {540979EB-046F-4768-B0C1-0C4B568AE3AE}
	EndGlobalSection
EndGlobal
